
Microsoft Visual Studio Solution File, Format Version 12.00
# Visual Studio Version 16
VisualStudioVersion = 16.0.31019.35
MinimumVisualStudioVersion = 10.0.40219.1
Project("{8BC9CEB8-8B4A-11D0-8D11-00A0C91BC942}") = "Sandbox", "..\Sandbox\Sandbox.vcxproj", "{AC7A6782-AE87-49A4-97EE-599397E53FCD}"
EndProject
Project("{8BC9CEB8-8B4A-11D0-8D11-00A0C91BC942}") = "Hazel", "Hazel.vcxproj", "{DF0E873D-F2C7-4062-8EEB-72366BED1892}"
EndProject
Global
	GlobalSection(SolutionConfigurationPlatforms) = preSolution
		Debug|x64 = Debug|x64
		Release|x64 = Release|x64
	EndGlobalSection
	GlobalSection(ProjectConfigurationPlatforms) = postSolution
		{DF0E873D-F2C7-4062-8EEB-72366BED1892}.Debug|x64.ActiveCfg = Debug|x64
		{DF0E873D-F2C7-4062-8EEB-72366BED1892}.Debug|x64.Build.0 = Debug|x64
		{DF0E873D-F2C7-4062-8EEB-72366BED1892}.Release|x64.ActiveCfg = Release|x64
		{DF0E873D-F2C7-4062-8EEB-72366BED1892}.Release|x64.Build.0 = Release|x64
		{AC7A6782-AE87-49A4-97EE-599397E53FCD}.Debug|x64.ActiveCfg = Debug|x64
		{AC7A6782-AE87-49A4-97EE-599397E53FCD}.Debug|x64.Build.0 = Debug|x64
		{AC7A6782-AE87-49A4-97EE-599397E53FCD}.Release|x64.ActiveCfg = Release|x64
		{AC7A6782-AE87-49A4-97EE-599397E53FCD}.Release|x64.Build.0 = Release|x64
	EndGlobalSection
	GlobalSection(SolutionProperties) = preSolution
		HideSolutionNode = FALSE
	EndGlobalSection
	GlobalSection(ExtensibilityGlobals) = postSolution
		SolutionGuid = {BE64979C-4D4A-4514-BB07-A9B4A18FC2E5}
	EndGlobalSection
EndGlobal
